// !$*UTF8*$!
{
	archiveVersion = 1;
	classes = {
	};
	objectVersion = 56;
	objects = {

/* Begin PBXBuildFile section */
		2A7258D029C341A0000A7C94 /* NettbutikkApp.swift in Sources */ = {isa = PBXBuildFile; fileRef = 2A7258CF29C341A0000A7C94 /* NettbutikkApp.swift */; };
		2A7258D229C341A0000A7C94 /* ContentView.swift in Sources */ = {isa = PBXBuildFile; fileRef = 2A7258D129C341A0000A7C94 /* ContentView.swift */; };
		2A7258D429C341A1000A7C94 /* Assets.xcassets in Resources */ = {isa = PBXBuildFile; fileRef = 2A7258D329C341A1000A7C94 /* Assets.xcassets */; };
		2A7258D729C341A1000A7C94 /* Preview Assets.xcassets in Resources */ = {isa = PBXBuildFile; fileRef = 2A7258D629C341A1000A7C94 /* Preview Assets.xcassets */; };
		2A7258E129C341A1000A7C94 /* NettbutikkTests.swift in Sources */ = {isa = PBXBuildFile; fileRef = 2A7258E029C341A1000A7C94 /* NettbutikkTests.swift */; };
		2A7258EB29C341A1000A7C94 /* NettbutikkUITests.swift in Sources */ = {isa = PBXBuildFile; fileRef = 2A7258EA29C341A1000A7C94 /* NettbutikkUITests.swift */; };
		2A7258ED29C341A1000A7C94 /* NettbutikkUITestsLaunchTests.swift in Sources */ = {isa = PBXBuildFile; fileRef = 2A7258EC29C341A1000A7C94 /* NettbutikkUITestsLaunchTests.swift */; };
/* End PBXBuildFile section */

/* Begin PBXContainerItemProxy section */
		2A7258DD29C341A1000A7C94 /* PBXContainerItemProxy */ = {
			isa = PBXContainerItemProxy;
			containerPortal = 2A7258C429C341A0000A7C94 /* Project object */;
			proxyType = 1;
			remoteGlobalIDString = 2A7258CB29C341A0000A7C94;
			remoteInfo = Nettbutikk;
		};
		2A7258E729C341A1000A7C94 /* PBXContainerItemProxy */ = {
			isa = PBXContainerItemProxy;
			containerPortal = 2A7258C429C341A0000A7C94 /* Project object */;
			proxyType = 1;
			remoteGlobalIDString = 2A7258CB29C341A0000A7C94;
			remoteInfo = Nettbutikk;
		};
/* End PBXContainerItemProxy section */

/* Begin PBXFileReference section */
		2A7258CC29C341A0000A7C94 /* Nettbutikk.app */ = {isa = PBXFileReference; explicitFileType = wrapper.application; includeInIndex = 0; path = Nettbutikk.app; sourceTree = BUILT_PRODUCTS_DIR; };
		2A7258CF29C341A0000A7C94 /* NettbutikkApp.swift */ = {isa = PBXFileReference; lastKnownFileType = sourcecode.swift; path = NettbutikkApp.swift; sourceTree = "<group>"; };
		2A7258D129C341A0000A7C94 /* ContentView.swift */ = {isa = PBXFileReference; lastKnownFileType = sourcecode.swift; path = ContentView.swift; sourceTree = "<group>"; };
		2A7258D329C341A1000A7C94 /* Assets.xcassets */ = {isa = PBXFileReference; lastKnownFileType = folder.assetcatalog; path = Assets.xcassets; sourceTree = "<group>"; };
		2A7258D629C341A1000A7C94 /* Preview Assets.xcassets */ = {isa = PBXFileReference; lastKnownFileType = folder.assetcatalog; path = "Preview Assets.xcassets"; sourceTree = "<group>"; };
		2A7258DC29C341A1000A7C94 /* NettbutikkTests.xctest */ = {isa = PBXFileReference; explicitFileType = wrapper.cfbundle; includeInIndex = 0; path = NettbutikkTests.xctest; sourceTree = BUILT_PRODUCTS_DIR; };
		2A7258E029C341A1000A7C94 /* NettbutikkTests.swift */ = {isa = PBXFileReference; lastKnownFileType = sourcecode.swift; path = NettbutikkTests.swift; sourceTree = "<group>"; };
		2A7258E629C341A1000A7C94 /* NettbutikkUITests.xctest */ = {isa = PBXFileReference; explicitFileType = wrapper.cfbundle; includeInIndex = 0; path = NettbutikkUITests.xctest; sourceTree = BUILT_PRODUCTS_DIR; };
		2A7258EA29C341A1000A7C94 /* NettbutikkUITests.swift */ = {isa = PBXFileReference; lastKnownFileType = sourcecode.swift; path = NettbutikkUITests.swift; sourceTree = "<group>"; };
		2A7258EC29C341A1000A7C94 /* NettbutikkUITestsLaunchTests.swift */ = {isa = PBXFileReference; lastKnownFileType = sourcecode.swift; path = NettbutikkUITestsLaunchTests.swift; sourceTree = "<group>"; };
/* End PBXFileReference section */

/* Begin PBXFrameworksBuildPhase section */
		2A7258C929C341A0000A7C94 /* Frameworks */ = {
			isa = PBXFrameworksBuildPhase;
			buildActionMask = 2147483647;
			files = (
			);
			runOnlyForDeploymentPostprocessing = 0;
		};
		2A7258D929C341A1000A7C94 /* Frameworks */ = {
			isa = PBXFrameworksBuildPhase;
			buildActionMask = 2147483647;
			files = (
			);
			runOnlyForDeploymentPostprocessing = 0;
		};
		2A7258E329C341A1000A7C94 /* Frameworks */ = {
			isa = PBXFrameworksBuildPhase;
			buildActionMask = 2147483647;
			files = (
			);
			runOnlyForDeploymentPostprocessing = 0;
		};
/* End PBXFrameworksBuildPhase section */

/* Begin PBXGroup section */
		2A7258C329C3419F000A7C94 = {
			isa = PBXGroup;
			children = (
				2A7258CE29C341A0000A7C94 /* Nettbutikk */,
				2A7258DF29C341A1000A7C94 /* NettbutikkTests */,
				2A7258E929C341A1000A7C94 /* NettbutikkUITests */,
				2A7258CD29C341A0000A7C94 /* Products */,
			);
			sourceTree = "<group>";
		};
		2A7258CD29C341A0000A7C94 /* Products */ = {
			isa = PBXGroup;
			children = (
				2A7258CC29C341A0000A7C94 /* Nettbutikk.app */,
				2A7258DC29C341A1000A7C94 /* NettbutikkTests.xctest */,
				2A7258E629C341A1000A7C94 /* NettbutikkUITests.xctest */,
			);
			name = Products;
			sourceTree = "<group>";
		};
		2A7258CE29C341A0000A7C94 /* Nettbutikk */ = {
			isa = PBXGroup;
			children = (
				2A7258CF29C341A0000A7C94 /* NettbutikkApp.swift */,
				2A7258D129C341A0000A7C94 /* ContentView.swift */,
				2A7258D329C341A1000A7C94 /* Assets.xcassets */,
				2A7258D529C341A1000A7C94 /* Preview Content */,
			);
			path = Nettbutikk;
			sourceTree = "<group>";
		};
		2A7258D529C341A1000A7C94 /* Preview Content */ = {
			isa = PBXGroup;
			children = (
				2A7258D629C341A1000A7C94 /* Preview Assets.xcassets */,
			);
			path = "Preview Content";
			sourceTree = "<group>";
		};
		2A7258DF29C341A1000A7C94 /* NettbutikkTests */ = {
			isa = PBXGroup;
			children = (
				2A7258E029C341A1000A7C94 /* NettbutikkTests.swift */,
			);
			path = NettbutikkTests;
			sourceTree = "<group>";
		};
		2A7258E929C341A1000A7C94 /* NettbutikkUITests */ = {
			isa = PBXGroup;
			children = (
				2A7258EA29C341A1000A7C94 /* NettbutikkUITests.swift */,
				2A7258EC29C341A1000A7C94 /* NettbutikkUITestsLaunchTests.swift */,
			);
			path = NettbutikkUITests;
			sourceTree = "<group>";
		};
/* End PBXGroup section */

/* Begin PBXNativeTarget section */
		2A7258CB29C341A0000A7C94 /* Nettbutikk */ = {
			isa = PBXNativeTarget;
			buildConfigurationList = 2A7258F029C341A1000A7C94 /* Build configuration list for PBXNativeTarget "Nettbutikk" */;
			buildPhases = (
				2A7258C829C341A0000A7C94 /* Sources */,
				2A7258C929C341A0000A7C94 /* Frameworks */,
				2A7258CA29C341A0000A7C94 /* Resources */,
			);
			buildRules = (
			);
			dependencies = (
			);
			name = Nettbutikk;
			productName = Nettbutikk;
			productReference = 2A7258CC29C341A0000A7C94 /* Nettbutikk.app */;
			productType = "com.apple.product-type.application";
		};
		2A7258DB29C341A1000A7C94 /* NettbutikkTests */ = {
			isa = PBXNativeTarget;
			buildConfigurationList = 2A7258F329C341A1000A7C94 /* Build configuration list for PBXNativeTarget "NettbutikkTests" */;
			buildPhases = (
				2A7258D829C341A1000A7C94 /* Sources */,
				2A7258D929C341A1000A7C94 /* Frameworks */,
				2A7258DA29C341A1000A7C94 /* Resources */,
			);
			buildRules = (
			);
			dependencies = (
				2A7258DE29C341A1000A7C94 /* PBXTargetDependency */,
			);
			name = NettbutikkTests;
			productName = NettbutikkTests;
			productReference = 2A7258DC29C341A1000A7C94 /* NettbutikkTests.xctest */;
			productType = "com.apple.product-type.bundle.unit-test";
		};
		2A7258E529C341A1000A7C94 /* NettbutikkUITests */ = {
			isa = PBXNativeTarget;
			buildConfigurationList = 2A7258F629C341A1000A7C94 /* Build configuration list for PBXNativeTarget "NettbutikkUITests" */;
			buildPhases = (
				2A7258E229C341A1000A7C94 /* Sources */,
				2A7258E329C341A1000A7C94 /* Frameworks */,
				2A7258E429C341A1000A7C94 /* Resources */,
			);
			buildRules = (
			);
			dependencies = (
				2A7258E829C341A1000A7C94 /* PBXTargetDependency */,
			);
			name = NettbutikkUITests;
			productName = NettbutikkUITests;
			productReference = 2A7258E629C341A1000A7C94 /* NettbutikkUITests.xctest */;
			productType = "com.apple.product-type.bundle.ui-testing";
		};
/* End PBXNativeTarget section */

/* Begin PBXProject section */
		2A7258C429C341A0000A7C94 /* Project object */ = {
			isa = PBXProject;
			attributes = {
				BuildIndependentTargetsInParallel = 1;
				LastSwiftUpdateCheck = 1420;
				LastUpgradeCheck = 1420;
				TargetAttributes = {
					2A7258CB29C341A0000A7C94 = {
						CreatedOnToolsVersion = 14.2;
					};
					2A7258DB29C341A1000A7C94 = {
						CreatedOnToolsVersion = 14.2;
						TestTargetID = 2A7258CB29C341A0000A7C94;
					};
					2A7258E529C341A1000A7C94 = {
						CreatedOnToolsVersion = 14.2;
						TestTargetID = 2A7258CB29C341A0000A7C94;
					};
				};
			};
			buildConfigurationList = 2A7258C729C341A0000A7C94 /* Build configuration list for PBXProject "Nettbutikk" */;
			compatibilityVersion = "Xcode 14.0";
			developmentRegion = en;
			hasScannedForEncodings = 0;
			knownRegions = (
				en,
				Base,
			);
			mainGroup = 2A7258C329C3419F000A7C94;
			productRefGroup = 2A7258CD29C341A0000A7C94 /* Products */;
			projectDirPath = "";
			projectRoot = "";
			targets = (
				2A7258CB29C341A0000A7C94 /* Nettbutikk */,
				2A7258DB29C341A1000A7C94 /* NettbutikkTests */,
				2A7258E529C341A1000A7C94 /* NettbutikkUITests */,
			);
		};
/* End PBXProject section */

/* Begin PBXResourcesBuildPhase section */
		2A7258CA29C341A0000A7C94 /* Resources */ = {
			isa = PBXResourcesBuildPhase;
			buildActionMask = 2147483647;
			files = (
				2A7258D729C341A1000A7C94 /* Preview Assets.xcassets in Resources */,
				2A7258D429C341A1000A7C94 /* Assets.xcassets in Resources */,
			);
			runOnlyForDeploymentPostprocessing = 0;
		};
		2A7258DA29C341A1000A7C94 /* Resources */ = {
			isa = PBXResourcesBuildPhase;
			buildActionMask = 2147483647;
			files = (
			);
			runOnlyForDeploymentPostprocessing = 0;
		};
		2A7258E429C341A1000A7C94 /* Resources */ = {
			isa = PBXResourcesBuildPhase;
			buildActionMask = 2147483647;
			files = (
			);
			runOnlyForDeploymentPostprocessing = 0;
		};
/* End PBXResourcesBuildPhase section */

/* Begin PBXSourcesBuildPhase section */
		2A7258C829C341A0000A7C94 /* Sources */ = {
			isa = PBXSourcesBuildPhase;
			buildActionMask = 2147483647;
			files = (
				2A7258D229C341A0000A7C94 /* ContentView.swift in Sources */,
				2A7258D029C341A0000A7C94 /* NettbutikkApp.swift in Sources */,
			);
			runOnlyForDeploymentPostprocessing = 0;
		};
		2A7258D829C341A1000A7C94 /* Sources */ = {
			isa = PBXSourcesBuildPhase;
			buildActionMask = 2147483647;
			files = (
				2A7258E129C341A1000A7C94 /* NettbutikkTests.swift in Sources */,
			);
			runOnlyForDeploymentPostprocessing = 0;
		};
		2A7258E229C341A1000A7C94 /* Sources */ = {
			isa = PBXSourcesBuildPhase;
			buildActionMask = 2147483647;
			files = (
				2A7258EB29C341A1000A7C94 /* NettbutikkUITests.swift in Sources */,
				2A7258ED29C341A1000A7C94 /* NettbutikkUITestsLaunchTests.swift in Sources */,
			);
			runOnlyForDeploymentPostprocessing = 0;
		};
/* End PBXSourcesBuildPhase section */

/* Begin PBXTargetDependency section */
		2A7258DE29C341A1000A7C94 /* PBXTargetDependency */ = {
			isa = PBXTargetDependency;
			target = 2A7258CB29C341A0000A7C94 /* Nettbutikk */;
			targetProxy = 2A7258DD29C341A1000A7C94 /* PBXContainerItemProxy */;
		};
		2A7258E829C341A1000A7C94 /* PBXTargetDependency */ = {
			isa = PBXTargetDependency;
			target = 2A7258CB29C341A0000A7C94 /* Nettbutikk */;
			targetProxy = 2A7258E729C341A1000A7C94 /* PBXContainerItemProxy */;
		};
/* End PBXTargetDependency section */

/* Begin XCBuildConfiguration section */
		2A7258EE29C341A1000A7C94 /* Debug */ = {
			isa = XCBuildConfiguration;
			buildSettings = {
				ALWAYS_SEARCH_USER_PATHS = NO;
				CLANG_ANALYZER_NONNULL = YES;
				CLANG_ANALYZER_NUMBER_OBJECT_CONVERSION = YES_AGGRESSIVE;
				CLANG_CXX_LANGUAGE_STANDARD = "gnu++20";
				CLANG_ENABLE_MODULES = YES;
				CLANG_ENABLE_OBJC_ARC = YES;
				CLANG_ENABLE_OBJC_WEAK = YES;
				CLANG_WARN_BLOCK_CAPTURE_AUTORELEASING = YES;
				CLANG_WARN_BOOL_CONVERSION = YES;
				CLANG_WARN_COMMA = YES;
				CLANG_WARN_CONSTANT_CONVERSION = YES;
				CLANG_WARN_DEPRECATED_OBJC_IMPLEMENTATIONS = YES;
				CLANG_WARN_DIRECT_OBJC_ISA_USAGE = YES_ERROR;
				CLANG_WARN_DOCUMENTATION_COMMENTS = YES;
				CLANG_WARN_EMPTY_BODY = YES;
				CLANG_WARN_ENUM_CONVERSION = YES;
				CLANG_WARN_INFINITE_RECURSION = YES;
				CLANG_WARN_INT_CONVERSION = YES;
				CLANG_WARN_NON_LITERAL_NULL_CONVERSION = YES;
				CLANG_WARN_OBJC_IMPLICIT_RETAIN_SELF = YES;
				CLANG_WARN_OBJC_LITERAL_CONVERSION = YES;
				CLANG_WARN_OBJC_ROOT_CLASS = YES_ERROR;
				CLANG_WARN_QUOTED_INCLUDE_IN_FRAMEWORK_HEADER = YES;
				CLANG_WARN_RANGE_LOOP_ANALYSIS = YES;
				CLANG_WARN_STRICT_PROTOTYPES = YES;
				CLANG_WARN_SUSPICIOUS_MOVE = YES;
				CLANG_WARN_UNGUARDED_AVAILABILITY = YES_AGGRESSIVE;
				CLANG_WARN_UNREACHABLE_CODE = YES;
				CLANG_WARN__DUPLICATE_METHOD_MATCH = YES;
				COPY_PHASE_STRIP = NO;
				DEBUG_INFORMATION_FORMAT = dwarf;
				ENABLE_STRICT_OBJC_MSGSEND = YES;
				ENABLE_TESTABILITY = YES;
				GCC_C_LANGUAGE_STANDARD = gnu11;
				GCC_DYNAMIC_NO_PIC = NO;
				GCC_NO_COMMON_BLOCKS = YES;
				GCC_OPTIMIZATION_LEVEL = 0;
				GCC_PREPROCESSOR_DEFINITIONS = (
					"DEBUG=1",
					"$(inherited)",
				);
				GCC_WARN_64_TO_32_BIT_CONVERSION = YES;
				GCC_WARN_ABOUT_RETURN_TYPE = YES_ERROR;
				GCC_WARN_UNDECLARED_SELECTOR = YES;
				GCC_WARN_UNINITIALIZED_AUTOS = YES_AGGRESSIVE;
				GCC_WARN_UNUSED_FUNCTION = YES;
				GCC_WARN_UNUSED_VARIABLE = YES;
				IPHONEOS_DEPLOYMENT_TARGET = 16.2;
				MTL_ENABLE_DEBUG_INFO = INCLUDE_SOURCE;
				MTL_FAST_MATH = YES;
				ONLY_ACTIVE_ARCH = YES;
				SDKROOT = iphoneos;
				SWIFT_ACTIVE_COMPILATION_CONDITIONS = DEBUG;
				SWIFT_OPTIMIZATION_LEVEL = "-Onone";
			};
			name = Debug;
		};
		2A7258EF29C341A1000A7C94 /* Release */ = {
			isa = XCBuildConfiguration;
			buildSettings = {
				ALWAYS_SEARCH_USER_PATHS = NO;
				CLANG_ANALYZER_NONNULL = YES;
				CLANG_ANALYZER_NUMBER_OBJECT_CONVERSION = YES_AGGRESSIVE;
				CLANG_CXX_LANGUAGE_STANDARD = "gnu++20";
				CLANG_ENABLE_MODULES = YES;
				CLANG_ENABLE_OBJC_ARC = YES;
				CLANG_ENABLE_OBJC_WEAK = YES;
				CLANG_WARN_BLOCK_CAPTURE_AUTORELEASING = YES;
				CLANG_WARN_BOOL_CONVERSION = YES;
				CLANG_WARN_COMMA = YES;
				CLANG_WARN_CONSTANT_CONVERSION = YES;
				CLANG_WARN_DEPRECATED_OBJC_IMPLEMENTATIONS = YES;
				CLANG_WARN_DIRECT_OBJC_ISA_USAGE = YES_ERROR;
				CLANG_WARN_DOCUMENTATION_COMMENTS = YES;
				CLANG_WARN_EMPTY_BODY = YES;
				CLANG_WARN_ENUM_CONVERSION = YES;
				CLANG_WARN_INFINITE_RECURSION = YES;
				CLANG_WARN_INT_CONVERSION = YES;
				CLANG_WARN_NON_LITERAL_NULL_CONVERSION = YES;
				CLANG_WARN_OBJC_IMPLICIT_RETAIN_SELF = YES;
				CLANG_WARN_OBJC_LITERAL_CONVERSION = YES;
				CLANG_WARN_OBJC_ROOT_CLASS = YES_ERROR;
				CLANG_WARN_QUOTED_INCLUDE_IN_FRAMEWORK_HEADER = YES;
				CLANG_WARN_RANGE_LOOP_ANALYSIS = YES;
				CLANG_WARN_STRICT_PROTOTYPES = YES;
				CLANG_WARN_SUSPICIOUS_MOVE = YES;
				CLANG_WARN_UNGUARDED_AVAILABILITY = YES_AGGRESSIVE;
				CLANG_WARN_UNREACHABLE_CODE = YES;
				CLANG_WARN__DUPLICATE_METHOD_MATCH = YES;
				COPY_PHASE_STRIP = NO;
				DEBUG_INFORMATION_FORMAT = "dwarf-with-dsym";
				ENABLE_NS_ASSERTIONS = NO;
				ENABLE_STRICT_OBJC_MSGSEND = YES;
				GCC_C_LANGUAGE_STANDARD = gnu11;
				GCC_NO_COMMON_BLOCKS = YES;
				GCC_WARN_64_TO_32_BIT_CONVERSION = YES;
				GCC_WARN_ABOUT_RETURN_TYPE = YES_ERROR;
				GCC_WARN_UNDECLARED_SELECTOR = YES;
				GCC_WARN_UNINITIALIZED_AUTOS = YES_AGGRESSIVE;
				GCC_WARN_UNUSED_FUNCTION = YES;
				GCC_WARN_UNUSED_VARIABLE = YES;
				IPHONEOS_DEPLOYMENT_TARGET = 16.2;
				MTL_ENABLE_DEBUG_INFO = NO;
				MTL_FAST_MATH = YES;
				SDKROOT = iphoneos;
				SWIFT_COMPILATION_MODE = wholemodule;
				SWIFT_OPTIMIZATION_LEVEL = "-O";
				VALIDATE_PRODUCT = YES;
			};
			name = Release;
		};
		2A7258F129C341A1000A7C94 /* Debug */ = {
			isa = XCBuildConfiguration;
			buildSettings = {
				ASSETCATALOG_COMPILER_APPICON_NAME = AppIcon;
				ASSETCATALOG_COMPILER_GLOBAL_ACCENT_COLOR_NAME = AccentColor;
				CODE_SIGN_STYLE = Automatic;
				CURRENT_PROJECT_VERSION = 1;
				DEVELOPMENT_ASSET_PATHS = "\"Nettbutikk/Preview Content\"";
				ENABLE_PREVIEWS = YES;
				GENERATE_INFOPLIST_FILE = YES;
				INFOPLIST_KEY_UIApplicationSceneManifest_Generation = YES;
				INFOPLIST_KEY_UIApplicationSupportsIndirectInputEvents = YES;
				INFOPLIST_KEY_UILaunchScreen_Generation = YES;
				INFOPLIST_KEY_UISupportedInterfaceOrientations_iPad = "UIInterfaceOrientationPortrait UIInterfaceOrientationPortraitUpsideDown UIInterfaceOrientationLandscapeLeft UIInterfaceOrientationLandscapeRight";
				INFOPLIST_KEY_UISupportedInterfaceOrientations_iPhone = "UIInterfaceOrientationPortrait UIInterfaceOrientationLandscapeLeft UIInterfaceOrientationLandscapeRight";
				LD_RUNPATH_SEARCH_PATHS = (
					"$(inherited)",
					"@executable_path/Frameworks",
				);
				MARKETING_VERSION = 1.0;
				PRODUCT_BUNDLE_IDENTIFIER = personal.Nettbutikk;
				PRODUCT_NAME = "$(TARGET_NAME)";
				SWIFT_EMIT_LOC_STRINGS = YES;
				SWIFT_VERSION = 5.0;
				TARGETED_DEVICE_FAMILY = "1,2";
			};
			name = Debug;
		};
		2A7258F229C341A1000A7C94 /* Release */ = {
			isa = XCBuildConfiguration;
			buildSettings = {
				ASSETCATALOG_COMPILER_APPICON_NAME = AppIcon;
				ASSETCATALOG_COMPILER_GLOBAL_ACCENT_COLOR_NAME = AccentColor;
				CODE_SIGN_STYLE = Automatic;
				CURRENT_PROJECT_VERSION = 1;
				DEVELOPMENT_ASSET_PATHS = "\"Nettbutikk/Preview Content\"";
				ENABLE_PREVIEWS = YES;
				GENERATE_INFOPLIST_FILE = YES;
				INFOPLIST_KEY_UIApplicationSceneManifest_Generation = YES;
				INFOPLIST_KEY_UIApplicationSupportsIndirectInputEvents = YES;
				INFOPLIST_KEY_UILaunchScreen_Generation = YES;
				INFOPLIST_KEY_UISupportedInterfaceOrientations_iPad = "UIInterfaceOrientationPortrait UIInterfaceOrientationPortraitUpsideDown UIInterfaceOrientationLandscapeLeft UIInterfaceOrientationLandscapeRight";
				INFOPLIST_KEY_UISupportedInterfaceOrientations_iPhone = "UIInterfaceOrientationPortrait UIInterfaceOrientationLandscapeLeft UIInterfaceOrientationLandscapeRight";
				LD_RUNPATH_SEARCH_PATHS = (
					"$(inherited)",
					"@executable_path/Frameworks",
				);
				MARKETING_VERSION = 1.0;
				PRODUCT_BUNDLE_IDENTIFIER = personal.Nettbutikk;
				PRODUCT_NAME = "$(TARGET_NAME)";
				SWIFT_EMIT_LOC_STRINGS = YES;
				SWIFT_VERSION = 5.0;
				TARGETED_DEVICE_FAMILY = "1,2";
			};
			name = Release;
		};
		2A7258F429C341A1000A7C94 /* Debug */ = {
			isa = XCBuildConfiguration;
			buildSettings = {
				ALWAYS_EMBED_SWIFT_STANDARD_LIBRARIES = YES;
				BUNDLE_LOADER = "$(TEST_HOST)";
				CODE_SIGN_STYLE = Automatic;
				CURRENT_PROJECT_VERSION = 1;
				GENERATE_INFOPLIST_FILE = YES;
				IPHONEOS_DEPLOYMENT_TARGET = 16.2;
				MARKETING_VERSION = 1.0;
				PRODUCT_BUNDLE_IDENTIFIER = personal.NettbutikkTests;
				PRODUCT_NAME = "$(TARGET_NAME)";
				SWIFT_EMIT_LOC_STRINGS = NO;
				SWIFT_VERSION = 5.0;
				TARGETED_DEVICE_FAMILY = "1,2";
				TEST_HOST = "$(BUILT_PRODUCTS_DIR)/Nettbutikk.app/$(BUNDLE_EXECUTABLE_FOLDER_PATH)/Nettbutikk";
			};
			name = Debug;
		};
		2A7258F529C341A1000A7C94 /* Release */ = {
			isa = XCBuildConfiguration;
			buildSettings = {
				ALWAYS_EMBED_SWIFT_STANDARD_LIBRARIES = YES;
				BUNDLE_LOADER = "$(TEST_HOST)";
				CODE_SIGN_STYLE = Automatic;
				CURRENT_PROJECT_VERSION = 1;
				GENERATE_INFOPLIST_FILE = YES;
				IPHONEOS_DEPLOYMENT_TARGET = 16.2;
				MARKETING_VERSION = 1.0;
				PRODUCT_BUNDLE_IDENTIFIER = personal.NettbutikkTests;
				PRODUCT_NAME = "$(TARGET_NAME)";
				SWIFT_EMIT_LOC_STRINGS = NO;
				SWIFT_VERSION = 5.0;
				TARGETED_DEVICE_FAMILY = "1,2";
				TEST_HOST = "$(BUILT_PRODUCTS_DIR)/Nettbutikk.app/$(BUNDLE_EXECUTABLE_FOLDER_PATH)/Nettbutikk";
			};
			name = Release;
		};
		2A7258F729C341A1000A7C94 /* Debug */ = {
			isa = XCBuildConfiguration;
			buildSettings = {
				ALWAYS_EMBED_SWIFT_STANDARD_LIBRARIES = YES;
				CODE_SIGN_STYLE = Automatic;
				CURRENT_PROJECT_VERSION = 1;
				GENERATE_INFOPLIST_FILE = YES;
				MARKETING_VERSION = 1.0;
				PRODUCT_BUNDLE_IDENTIFIER = personal.NettbutikkUITests;
				PRODUCT_NAME = "$(TARGET_NAME)";
				SWIFT_EMIT_LOC_STRINGS = NO;
				SWIFT_VERSION = 5.0;
				TARGETED_DEVICE_FAMILY = "1,2";
				TEST_TARGET_NAME = Nettbutikk;
			};
			name = Debug;
		};
		2A7258F829C341A1000A7C94 /* Release */ = {
			isa = XCBuildConfiguration;
			buildSettings = {
				ALWAYS_EMBED_SWIFT_STANDARD_LIBRARIES = YES;
				CODE_SIGN_STYLE = Automatic;
				CURRENT_PROJECT_VERSION = 1;
				GENERATE_INFOPLIST_FILE = YES;
				MARKETING_VERSION = 1.0;
				PRODUCT_BUNDLE_IDENTIFIER = personal.NettbutikkUITests;
				PRODUCT_NAME = "$(TARGET_NAME)";
				SWIFT_EMIT_LOC_STRINGS = NO;
				SWIFT_VERSION = 5.0;
				TARGETED_DEVICE_FAMILY = "1,2";
				TEST_TARGET_NAME = Nettbutikk;
			};
			name = Release;
		};
/* End XCBuildConfiguration section */

/* Begin XCConfigurationList section */
		2A7258C729C341A0000A7C94 /* Build configuration list for PBXProject "Nettbutikk" */ = {
			isa = XCConfigurationList;
			buildConfigurations = (
				2A7258EE29C341A1000A7C94 /* Debug */,
				2A7258EF29C341A1000A7C94 /* Release */,
			);
			defaultConfigurationIsVisible = 0;
			defaultConfigurationName = Release;
		};
		2A7258F029C341A1000A7C94 /* Build configuration list for PBXNativeTarget "Nettbutikk" */ = {
			isa = XCConfigurationList;
			buildConfigurations = (
				2A7258F129C341A1000A7C94 /* Debug */,
				2A7258F229C341A1000A7C94 /* Release */,
			);
			defaultConfigurationIsVisible = 0;
			defaultConfigurationName = Release;
		};
		2A7258F329C341A1000A7C94 /* Build configuration list for PBXNativeTarget "NettbutikkTests" */ = {
			isa = XCConfigurationList;
			buildConfigurations = (
				2A7258F429C341A1000A7C94 /* Debug */,
				2A7258F529C341A1000A7C94 /* Release */,
			);
			defaultConfigurationIsVisible = 0;
			defaultConfigurationName = Release;
		};
		2A7258F629C341A1000A7C94 /* Build configuration list for PBXNativeTarget "NettbutikkUITests" */ = {
			isa = XCConfigurationList;
			buildConfigurations = (
				2A7258F729C341A1000A7C94 /* Debug */,
				2A7258F829C341A1000A7C94 /* Release */,
			);
			defaultConfigurationIsVisible = 0;
			defaultConfigurationName = Release;
		};
/* End XCConfigurationList section */
	};
	rootObject = 2A7258C429C341A0000A7C94 /* Project object */;
}
