// !$*UTF8*$!
{
	archiveVersion = 1;
	classes = {
	};
	objectVersion = 56;
	objects = {

/* Begin PBXBuildFile section */
		2A4A380729CD74520001E6FD /* NettbutikkAppApp.swift in Sources */ = {isa = PBXBuildFile; fileRef = 2A72590529C34CC4000A7C94 /* NettbutikkAppApp.swift */; };
		2A4A380F29CD77F40001E6FD /* AppDelegate.swift in Sources */ = {isa = PBXBuildFile; fileRef = 2A4A380E29CD77F40001E6FD /* AppDelegate.swift */; };
		2A4A381229CD81AB0001E6FD /* FirebaseAnalytics in Frameworks */ = {isa = PBXBuildFile; productRef = 2A4A381129CD81AB0001E6FD /* FirebaseAnalytics */; };
		2A4A381429CD81AB0001E6FD /* FirebaseAnalyticsOnDeviceConversion in Frameworks */ = {isa = PBXBuildFile; productRef = 2A4A381329CD81AB0001E6FD /* FirebaseAnalyticsOnDeviceConversion */; };
		2A4A381629CD81AB0001E6FD /* FirebaseAnalyticsSwift in Frameworks */ = {isa = PBXBuildFile; productRef = 2A4A381529CD81AB0001E6FD /* FirebaseAnalyticsSwift */; };
		2A4A381829CD81AB0001E6FD /* FirebaseAnalyticsWithoutAdIdSupport in Frameworks */ = {isa = PBXBuildFile; productRef = 2A4A381729CD81AB0001E6FD /* FirebaseAnalyticsWithoutAdIdSupport */; };
		2A4A381A29CD81AB0001E6FD /* FirebaseAppCheck in Frameworks */ = {isa = PBXBuildFile; productRef = 2A4A381929CD81AB0001E6FD /* FirebaseAppCheck */; };
		2A4A381C29CD81AB0001E6FD /* FirebaseAppDistribution-Beta in Frameworks */ = {isa = PBXBuildFile; productRef = 2A4A381B29CD81AB0001E6FD /* FirebaseAppDistribution-Beta */; };
		2A4A381E29CD81AB0001E6FD /* FirebaseAuth in Frameworks */ = {isa = PBXBuildFile; productRef = 2A4A381D29CD81AB0001E6FD /* FirebaseAuth */; };
		2A4A382029CD81AB0001E6FD /* FirebaseAuthCombine-Community in Frameworks */ = {isa = PBXBuildFile; productRef = 2A4A381F29CD81AB0001E6FD /* FirebaseAuthCombine-Community */; };
		2A4A382229CD81AB0001E6FD /* FirebaseCrashlytics in Frameworks */ = {isa = PBXBuildFile; productRef = 2A4A382129CD81AB0001E6FD /* FirebaseCrashlytics */; };
		2A4A382429CD81AB0001E6FD /* FirebaseDatabase in Frameworks */ = {isa = PBXBuildFile; productRef = 2A4A382329CD81AB0001E6FD /* FirebaseDatabase */; };
		2A4A382629CD81AB0001E6FD /* FirebaseDatabaseSwift in Frameworks */ = {isa = PBXBuildFile; productRef = 2A4A382529CD81AB0001E6FD /* FirebaseDatabaseSwift */; };
		2A4A382829CD81AB0001E6FD /* FirebaseDynamicLinks in Frameworks */ = {isa = PBXBuildFile; productRef = 2A4A382729CD81AB0001E6FD /* FirebaseDynamicLinks */; };
		2A4A382A29CD81AB0001E6FD /* FirebaseFirestore in Frameworks */ = {isa = PBXBuildFile; productRef = 2A4A382929CD81AB0001E6FD /* FirebaseFirestore */; };
		2A4A382C29CD81AB0001E6FD /* FirebaseFirestoreCombine-Community in Frameworks */ = {isa = PBXBuildFile; productRef = 2A4A382B29CD81AB0001E6FD /* FirebaseFirestoreCombine-Community */; };
		2A4A382E29CD81AB0001E6FD /* FirebaseFirestoreSwift in Frameworks */ = {isa = PBXBuildFile; productRef = 2A4A382D29CD81AB0001E6FD /* FirebaseFirestoreSwift */; };
		2A4A383029CD81AB0001E6FD /* FirebaseFunctions in Frameworks */ = {isa = PBXBuildFile; productRef = 2A4A382F29CD81AB0001E6FD /* FirebaseFunctions */; };
		2A4A383229CD81AB0001E6FD /* FirebaseFunctionsCombine-Community in Frameworks */ = {isa = PBXBuildFile; productRef = 2A4A383129CD81AB0001E6FD /* FirebaseFunctionsCombine-Community */; };
		2A4A383429CD81AB0001E6FD /* FirebaseInAppMessaging-Beta in Frameworks */ = {isa = PBXBuildFile; productRef = 2A4A383329CD81AB0001E6FD /* FirebaseInAppMessaging-Beta */; };
		2A4A383629CD81AB0001E6FD /* FirebaseInAppMessagingSwift-Beta in Frameworks */ = {isa = PBXBuildFile; productRef = 2A4A383529CD81AB0001E6FD /* FirebaseInAppMessagingSwift-Beta */; };
		2A4A383829CD81AB0001E6FD /* FirebaseInstallations in Frameworks */ = {isa = PBXBuildFile; productRef = 2A4A383729CD81AB0001E6FD /* FirebaseInstallations */; };
		2A4A383A29CD81AB0001E6FD /* FirebaseMLModelDownloader in Frameworks */ = {isa = PBXBuildFile; productRef = 2A4A383929CD81AB0001E6FD /* FirebaseMLModelDownloader */; };
		2A4A383C29CD81AB0001E6FD /* FirebaseMessaging in Frameworks */ = {isa = PBXBuildFile; productRef = 2A4A383B29CD81AB0001E6FD /* FirebaseMessaging */; };
		2A4A383E29CD81AB0001E6FD /* FirebasePerformance in Frameworks */ = {isa = PBXBuildFile; productRef = 2A4A383D29CD81AB0001E6FD /* FirebasePerformance */; };
		2A4A384029CD81AB0001E6FD /* FirebaseRemoteConfig in Frameworks */ = {isa = PBXBuildFile; productRef = 2A4A383F29CD81AB0001E6FD /* FirebaseRemoteConfig */; };
		2A4A384229CD81AB0001E6FD /* FirebaseRemoteConfigSwift in Frameworks */ = {isa = PBXBuildFile; productRef = 2A4A384129CD81AB0001E6FD /* FirebaseRemoteConfigSwift */; };
		2A4A384429CD81AB0001E6FD /* FirebaseStorage in Frameworks */ = {isa = PBXBuildFile; productRef = 2A4A384329CD81AB0001E6FD /* FirebaseStorage */; };
		2A4A384629CD81AB0001E6FD /* FirebaseStorageCombine-Community in Frameworks */ = {isa = PBXBuildFile; productRef = 2A4A384529CD81AB0001E6FD /* FirebaseStorageCombine-Community */; };
		2A72590829C34CC4000A7C94 /* ContentView.swift in Sources */ = {isa = PBXBuildFile; fileRef = 2A72590729C34CC4000A7C94 /* ContentView.swift */; };
		2A72590A29C34CC6000A7C94 /* Assets.xcassets in Resources */ = {isa = PBXBuildFile; fileRef = 2A72590929C34CC6000A7C94 /* Assets.xcassets */; };
		2A72590D29C34CC6000A7C94 /* Preview Assets.xcassets in Resources */ = {isa = PBXBuildFile; fileRef = 2A72590C29C34CC6000A7C94 /* Preview Assets.xcassets */; };
		2A72591729C34CC6000A7C94 /* NettbutikkAppTests.swift in Sources */ = {isa = PBXBuildFile; fileRef = 2A72591629C34CC6000A7C94 /* NettbutikkAppTests.swift */; };
		2A72592129C34CC6000A7C94 /* NettbutikkAppUITests.swift in Sources */ = {isa = PBXBuildFile; fileRef = 2A72592029C34CC6000A7C94 /* NettbutikkAppUITests.swift */; };
		2A72592329C34CC6000A7C94 /* NettbutikkAppUITestsLaunchTests.swift in Sources */ = {isa = PBXBuildFile; fileRef = 2A72592229C34CC6000A7C94 /* NettbutikkAppUITestsLaunchTests.swift */; };
		2AA2731B29CCB0AE005BB6BA /* LoginViewController.swift in Sources */ = {isa = PBXBuildFile; fileRef = 2AA2731A29CCB0AE005BB6BA /* LoginViewController.swift */; };
		2AA2731D29CCB0CD005BB6BA /* MyAccountViewController.swift in Sources */ = {isa = PBXBuildFile; fileRef = 2AA2731C29CCB0CD005BB6BA /* MyAccountViewController.swift */; };
		CA5E62271CC4B5C573FF9AF1 /* Pods_NettbutikkApp.framework in Frameworks */ = {isa = PBXBuildFile; fileRef = D40A9D731A6F5340A69D6B75 /* Pods_NettbutikkApp.framework */; };
/* End PBXBuildFile section */

/* Begin PBXContainerItemProxy section */
		2A72591329C34CC6000A7C94 /* PBXContainerItemProxy */ = {
			isa = PBXContainerItemProxy;
			containerPortal = 2A7258FA29C34CC4000A7C94 /* Project object */;
			proxyType = 1;
			remoteGlobalIDString = 2A72590129C34CC4000A7C94;
			remoteInfo = NettbutikkApp;
		};
		2A72591D29C34CC6000A7C94 /* PBXContainerItemProxy */ = {
			isa = PBXContainerItemProxy;
			containerPortal = 2A7258FA29C34CC4000A7C94 /* Project object */;
			proxyType = 1;
			remoteGlobalIDString = 2A72590129C34CC4000A7C94;
			remoteInfo = NettbutikkApp;
		};
/* End PBXContainerItemProxy section */

/* Begin PBXFileReference section */
		2A4A380E29CD77F40001E6FD /* AppDelegate.swift */ = {isa = PBXFileReference; lastKnownFileType = sourcecode.swift; path = AppDelegate.swift; sourceTree = "<group>"; };
		2A72590229C34CC4000A7C94 /* NettbutikkApp.app */ = {isa = PBXFileReference; explicitFileType = wrapper.application; includeInIndex = 0; path = NettbutikkApp.app; sourceTree = BUILT_PRODUCTS_DIR; };
		2A72590529C34CC4000A7C94 /* NettbutikkAppApp.swift */ = {isa = PBXFileReference; lastKnownFileType = sourcecode.swift; path = NettbutikkAppApp.swift; sourceTree = "<group>"; };
		2A72590729C34CC4000A7C94 /* ContentView.swift */ = {isa = PBXFileReference; lastKnownFileType = sourcecode.swift; path = ContentView.swift; sourceTree = "<group>"; };
		2A72590929C34CC6000A7C94 /* Assets.xcassets */ = {isa = PBXFileReference; lastKnownFileType = folder.assetcatalog; path = Assets.xcassets; sourceTree = "<group>"; };
		2A72590C29C34CC6000A7C94 /* Preview Assets.xcassets */ = {isa = PBXFileReference; lastKnownFileType = folder.assetcatalog; path = "Preview Assets.xcassets"; sourceTree = "<group>"; };
		2A72591229C34CC6000A7C94 /* NettbutikkAppTests.xctest */ = {isa = PBXFileReference; explicitFileType = wrapper.cfbundle; includeInIndex = 0; path = NettbutikkAppTests.xctest; sourceTree = BUILT_PRODUCTS_DIR; };
		2A72591629C34CC6000A7C94 /* NettbutikkAppTests.swift */ = {isa = PBXFileReference; lastKnownFileType = sourcecode.swift; path = NettbutikkAppTests.swift; sourceTree = "<group>"; };
		2A72591C29C34CC6000A7C94 /* NettbutikkAppUITests.xctest */ = {isa = PBXFileReference; explicitFileType = wrapper.cfbundle; includeInIndex = 0; path = NettbutikkAppUITests.xctest; sourceTree = BUILT_PRODUCTS_DIR; };
		2A72592029C34CC6000A7C94 /* NettbutikkAppUITests.swift */ = {isa = PBXFileReference; lastKnownFileType = sourcecode.swift; path = NettbutikkAppUITests.swift; sourceTree = "<group>"; };
		2A72592229C34CC6000A7C94 /* NettbutikkAppUITestsLaunchTests.swift */ = {isa = PBXFileReference; lastKnownFileType = sourcecode.swift; path = NettbutikkAppUITestsLaunchTests.swift; sourceTree = "<group>"; };
		2AA2731A29CCB0AE005BB6BA /* LoginViewController.swift */ = {isa = PBXFileReference; lastKnownFileType = sourcecode.swift; path = LoginViewController.swift; sourceTree = "<group>"; };
		2AA2731C29CCB0CD005BB6BA /* MyAccountViewController.swift */ = {isa = PBXFileReference; lastKnownFileType = sourcecode.swift; path = MyAccountViewController.swift; sourceTree = "<group>"; };
		628F4EA41BEB72C5D2D10BFA /* Pods-NettbutikkApp.release.xcconfig */ = {isa = PBXFileReference; includeInIndex = 1; lastKnownFileType = text.xcconfig; name = "Pods-NettbutikkApp.release.xcconfig"; path = "Target Support Files/Pods-NettbutikkApp/Pods-NettbutikkApp.release.xcconfig"; sourceTree = "<group>"; };
		91EC782806784E12F0E7CBC4 /* Pods-NettbutikkApp.debug.xcconfig */ = {isa = PBXFileReference; includeInIndex = 1; lastKnownFileType = text.xcconfig; name = "Pods-NettbutikkApp.debug.xcconfig"; path = "Target Support Files/Pods-NettbutikkApp/Pods-NettbutikkApp.debug.xcconfig"; sourceTree = "<group>"; };
		D40A9D731A6F5340A69D6B75 /* Pods_NettbutikkApp.framework */ = {isa = PBXFileReference; explicitFileType = wrapper.framework; includeInIndex = 0; path = Pods_NettbutikkApp.framework; sourceTree = BUILT_PRODUCTS_DIR; };
/* End PBXFileReference section */

/* Begin PBXFrameworksBuildPhase section */
		2A7258FF29C34CC4000A7C94 /* Frameworks */ = {
			isa = PBXFrameworksBuildPhase;
			buildActionMask = 2147483647;
			files = (
				2A4A383029CD81AB0001E6FD /* FirebaseFunctions in Frameworks */,
				2A4A382629CD81AB0001E6FD /* FirebaseDatabaseSwift in Frameworks */,
				2A4A383629CD81AB0001E6FD /* FirebaseInAppMessagingSwift-Beta in Frameworks */,
				2A4A383C29CD81AB0001E6FD /* FirebaseMessaging in Frameworks */,
				2A4A381C29CD81AB0001E6FD /* FirebaseAppDistribution-Beta in Frameworks */,
				2A4A382029CD81AB0001E6FD /* FirebaseAuthCombine-Community in Frameworks */,
				2A4A382C29CD81AB0001E6FD /* FirebaseFirestoreCombine-Community in Frameworks */,
				2A4A381629CD81AB0001E6FD /* FirebaseAnalyticsSwift in Frameworks */,
				2A4A383A29CD81AB0001E6FD /* FirebaseMLModelDownloader in Frameworks */,
				2A4A381829CD81AB0001E6FD /* FirebaseAnalyticsWithoutAdIdSupport in Frameworks */,
				2A4A381229CD81AB0001E6FD /* FirebaseAnalytics in Frameworks */,
				2A4A382E29CD81AB0001E6FD /* FirebaseFirestoreSwift in Frameworks */,
				2A4A381429CD81AB0001E6FD /* FirebaseAnalyticsOnDeviceConversion in Frameworks */,
				2A4A381A29CD81AB0001E6FD /* FirebaseAppCheck in Frameworks */,
				2A4A383E29CD81AB0001E6FD /* FirebasePerformance in Frameworks */,
				2A4A383429CD81AB0001E6FD /* FirebaseInAppMessaging-Beta in Frameworks */,
				2A4A383229CD81AB0001E6FD /* FirebaseFunctionsCombine-Community in Frameworks */,
				2A4A382229CD81AB0001E6FD /* FirebaseCrashlytics in Frameworks */,
				2A4A383829CD81AB0001E6FD /* FirebaseInstallations in Frameworks */,
				2A4A384029CD81AB0001E6FD /* FirebaseRemoteConfig in Frameworks */,
				2A4A384429CD81AB0001E6FD /* FirebaseStorage in Frameworks */,
				2A4A382429CD81AB0001E6FD /* FirebaseDatabase in Frameworks */,
				2A4A384629CD81AB0001E6FD /* FirebaseStorageCombine-Community in Frameworks */,
				CA5E62271CC4B5C573FF9AF1 /* Pods_NettbutikkApp.framework in Frameworks */,
				2A4A381E29CD81AB0001E6FD /* FirebaseAuth in Frameworks */,
				2A4A382829CD81AB0001E6FD /* FirebaseDynamicLinks in Frameworks */,
				2A4A382A29CD81AB0001E6FD /* FirebaseFirestore in Frameworks */,
				2A4A384229CD81AB0001E6FD /* FirebaseRemoteConfigSwift in Frameworks */,
			);
			runOnlyForDeploymentPostprocessing = 0;
		};
		2A72590F29C34CC6000A7C94 /* Frameworks */ = {
			isa = PBXFrameworksBuildPhase;
			buildActionMask = 2147483647;
			files = (
			);
			runOnlyForDeploymentPostprocessing = 0;
		};
		2A72591929C34CC6000A7C94 /* Frameworks */ = {
			isa = PBXFrameworksBuildPhase;
			buildActionMask = 2147483647;
			files = (
			);
			runOnlyForDeploymentPostprocessing = 0;
		};
/* End PBXFrameworksBuildPhase section */

/* Begin PBXGroup section */
		2A7258F929C34CC4000A7C94 = {
			isa = PBXGroup;
			children = (
				2A72590429C34CC4000A7C94 /* NettbutikkApp */,
				2A72591529C34CC6000A7C94 /* NettbutikkAppTests */,
				2A72591F29C34CC6000A7C94 /* NettbutikkAppUITests */,
				2A72590329C34CC4000A7C94 /* Products */,
				6547CC2F81A6BF500E6B9CF4 /* Pods */,
				6A99D10BC794EE8D5DB8208C /* Frameworks */,
			);
			sourceTree = "<group>";
		};
		2A72590329C34CC4000A7C94 /* Products */ = {
			isa = PBXGroup;
			children = (
				2A72590229C34CC4000A7C94 /* NettbutikkApp.app */,
				2A72591229C34CC6000A7C94 /* NettbutikkAppTests.xctest */,
				2A72591C29C34CC6000A7C94 /* NettbutikkAppUITests.xctest */,
			);
			name = Products;
			sourceTree = "<group>";
		};
		2A72590429C34CC4000A7C94 /* NettbutikkApp */ = {
			isa = PBXGroup;
			children = (
				2A72590529C34CC4000A7C94 /* NettbutikkAppApp.swift */,
				2A72590729C34CC4000A7C94 /* ContentView.swift */,
				2A72590929C34CC6000A7C94 /* Assets.xcassets */,
				2AA2731A29CCB0AE005BB6BA /* LoginViewController.swift */,
				2AA2731C29CCB0CD005BB6BA /* MyAccountViewController.swift */,
				2A72590B29C34CC6000A7C94 /* Preview Content */,
				2A4A380E29CD77F40001E6FD /* AppDelegate.swift */,
			);
			path = NettbutikkApp;
			sourceTree = "<group>";
		};
		2A72590B29C34CC6000A7C94 /* Preview Content */ = {
			isa = PBXGroup;
			children = (
				2A72590C29C34CC6000A7C94 /* Preview Assets.xcassets */,
			);
			path = "Preview Content";
			sourceTree = "<group>";
		};
		2A72591529C34CC6000A7C94 /* NettbutikkAppTests */ = {
			isa = PBXGroup;
			children = (
				2A72591629C34CC6000A7C94 /* NettbutikkAppTests.swift */,
			);
			path = NettbutikkAppTests;
			sourceTree = "<group>";
		};
		2A72591F29C34CC6000A7C94 /* NettbutikkAppUITests */ = {
			isa = PBXGroup;
			children = (
				2A72592029C34CC6000A7C94 /* NettbutikkAppUITests.swift */,
				2A72592229C34CC6000A7C94 /* NettbutikkAppUITestsLaunchTests.swift */,
			);
			path = NettbutikkAppUITests;
			sourceTree = "<group>";
		};
		6547CC2F81A6BF500E6B9CF4 /* Pods */ = {
			isa = PBXGroup;
			children = (
				91EC782806784E12F0E7CBC4 /* Pods-NettbutikkApp.debug.xcconfig */,
				628F4EA41BEB72C5D2D10BFA /* Pods-NettbutikkApp.release.xcconfig */,
			);
			path = Pods;
			sourceTree = "<group>";
		};
		6A99D10BC794EE8D5DB8208C /* Frameworks */ = {
			isa = PBXGroup;
			children = (
				D40A9D731A6F5340A69D6B75 /* Pods_NettbutikkApp.framework */,
			);
			name = Frameworks;
			sourceTree = "<group>";
		};
/* End PBXGroup section */

/* Begin PBXNativeTarget section */
		2A72590129C34CC4000A7C94 /* NettbutikkApp */ = {
			isa = PBXNativeTarget;
			buildConfigurationList = 2A72592629C34CC6000A7C94 /* Build configuration list for PBXNativeTarget "NettbutikkApp" */;
			buildPhases = (
				412BE3AF6F0A16F74C8D1526 /* [CP] Check Pods Manifest.lock */,
				2A7258FE29C34CC4000A7C94 /* Sources */,
				2A7258FF29C34CC4000A7C94 /* Frameworks */,
				2A72590029C34CC4000A7C94 /* Resources */,
				62CC718E64F9E7D69BFE2786 /* [CP] Embed Pods Frameworks */,
			);
			buildRules = (
			);
			dependencies = (
			);
			name = NettbutikkApp;
			packageProductDependencies = (
				2A4A381129CD81AB0001E6FD /* FirebaseAnalytics */,
				2A4A381329CD81AB0001E6FD /* FirebaseAnalyticsOnDeviceConversion */,
				2A4A381529CD81AB0001E6FD /* FirebaseAnalyticsSwift */,
				2A4A381729CD81AB0001E6FD /* FirebaseAnalyticsWithoutAdIdSupport */,
				2A4A381929CD81AB0001E6FD /* FirebaseAppCheck */,
				2A4A381B29CD81AB0001E6FD /* FirebaseAppDistribution-Beta */,
				2A4A381D29CD81AB0001E6FD /* FirebaseAuth */,
				2A4A381F29CD81AB0001E6FD /* FirebaseAuthCombine-Community */,
				2A4A382129CD81AB0001E6FD /* FirebaseCrashlytics */,
				2A4A382329CD81AB0001E6FD /* FirebaseDatabase */,
				2A4A382529CD81AB0001E6FD /* FirebaseDatabaseSwift */,
				2A4A382729CD81AB0001E6FD /* FirebaseDynamicLinks */,
				2A4A382929CD81AB0001E6FD /* FirebaseFirestore */,
				2A4A382B29CD81AB0001E6FD /* FirebaseFirestoreCombine-Community */,
				2A4A382D29CD81AB0001E6FD /* FirebaseFirestoreSwift */,
				2A4A382F29CD81AB0001E6FD /* FirebaseFunctions */,
				2A4A383129CD81AB0001E6FD /* FirebaseFunctionsCombine-Community */,
				2A4A383329CD81AB0001E6FD /* FirebaseInAppMessaging-Beta */,
				2A4A383529CD81AB0001E6FD /* FirebaseInAppMessagingSwift-Beta */,
				2A4A383729CD81AB0001E6FD /* FirebaseInstallations */,
				2A4A383929CD81AB0001E6FD /* FirebaseMLModelDownloader */,
				2A4A383B29CD81AB0001E6FD /* FirebaseMessaging */,
				2A4A383D29CD81AB0001E6FD /* FirebasePerformance */,
				2A4A383F29CD81AB0001E6FD /* FirebaseRemoteConfig */,
				2A4A384129CD81AB0001E6FD /* FirebaseRemoteConfigSwift */,
				2A4A384329CD81AB0001E6FD /* FirebaseStorage */,
				2A4A384529CD81AB0001E6FD /* FirebaseStorageCombine-Community */,
			);
			productName = NettbutikkApp;
			productReference = 2A72590229C34CC4000A7C94 /* NettbutikkApp.app */;
			productType = "com.apple.product-type.application";
		};
		2A72591129C34CC6000A7C94 /* NettbutikkAppTests */ = {
			isa = PBXNativeTarget;
			buildConfigurationList = 2A72592929C34CC6000A7C94 /* Build configuration list for PBXNativeTarget "NettbutikkAppTests" */;
			buildPhases = (
				2A72590E29C34CC6000A7C94 /* Sources */,
				2A72590F29C34CC6000A7C94 /* Frameworks */,
				2A72591029C34CC6000A7C94 /* Resources */,
			);
			buildRules = (
			);
			dependencies = (
				2A72591429C34CC6000A7C94 /* PBXTargetDependency */,
			);
			name = NettbutikkAppTests;
			productName = NettbutikkAppTests;
			productReference = 2A72591229C34CC6000A7C94 /* NettbutikkAppTests.xctest */;
			productType = "com.apple.product-type.bundle.unit-test";
		};
		2A72591B29C34CC6000A7C94 /* NettbutikkAppUITests */ = {
			isa = PBXNativeTarget;
			buildConfigurationList = 2A72592C29C34CC6000A7C94 /* Build configuration list for PBXNativeTarget "NettbutikkAppUITests" */;
			buildPhases = (
				2A72591829C34CC6000A7C94 /* Sources */,
				2A72591929C34CC6000A7C94 /* Frameworks */,
				2A72591A29C34CC6000A7C94 /* Resources */,
			);
			buildRules = (
			);
			dependencies = (
				2A72591E29C34CC6000A7C94 /* PBXTargetDependency */,
			);
			name = NettbutikkAppUITests;
			productName = NettbutikkAppUITests;
			productReference = 2A72591C29C34CC6000A7C94 /* NettbutikkAppUITests.xctest */;
			productType = "com.apple.product-type.bundle.ui-testing";
		};
/* End PBXNativeTarget section */

/* Begin PBXProject section */
		2A7258FA29C34CC4000A7C94 /* Project object */ = {
			isa = PBXProject;
			attributes = {
				BuildIndependentTargetsInParallel = 1;
				LastSwiftUpdateCheck = 1420;
				LastUpgradeCheck = 1420;
				TargetAttributes = {
					2A72590129C34CC4000A7C94 = {
						CreatedOnToolsVersion = 14.2;
					};
					2A72591129C34CC6000A7C94 = {
						CreatedOnToolsVersion = 14.2;
						TestTargetID = 2A72590129C34CC4000A7C94;
					};
					2A72591B29C34CC6000A7C94 = {
						CreatedOnToolsVersion = 14.2;
						TestTargetID = 2A72590129C34CC4000A7C94;
					};
				};
			};
			buildConfigurationList = 2A7258FD29C34CC4000A7C94 /* Build configuration list for PBXProject "NettbutikkApp" */;
			compatibilityVersion = "Xcode 14.0";
			developmentRegion = en;
			hasScannedForEncodings = 0;
			knownRegions = (
				en,
				Base,
			);
			mainGroup = 2A7258F929C34CC4000A7C94;
			packageReferences = (
				2A4A381029CD81AA0001E6FD /* XCRemoteSwiftPackageReference "firebase-ios-sdk" */,
			);
			productRefGroup = 2A72590329C34CC4000A7C94 /* Products */;
			projectDirPath = "";
			projectRoot = "";
			targets = (
				2A72590129C34CC4000A7C94 /* NettbutikkApp */,
				2A72591129C34CC6000A7C94 /* NettbutikkAppTests */,
				2A72591B29C34CC6000A7C94 /* NettbutikkAppUITests */,
			);
		};
/* End PBXProject section */

/* Begin PBXResourcesBuildPhase section */
		2A72590029C34CC4000A7C94 /* Resources */ = {
			isa = PBXResourcesBuildPhase;
			buildActionMask = 2147483647;
			files = (
				2A72590D29C34CC6000A7C94 /* Preview Assets.xcassets in Resources */,
				2A72590A29C34CC6000A7C94 /* Assets.xcassets in Resources */,
			);
			runOnlyForDeploymentPostprocessing = 0;
		};
		2A72591029C34CC6000A7C94 /* Resources */ = {
			isa = PBXResourcesBuildPhase;
			buildActionMask = 2147483647;
			files = (
			);
			runOnlyForDeploymentPostprocessing = 0;
		};
		2A72591A29C34CC6000A7C94 /* Resources */ = {
			isa = PBXResourcesBuildPhase;
			buildActionMask = 2147483647;
			files = (
			);
			runOnlyForDeploymentPostprocessing = 0;
		};
/* End PBXResourcesBuildPhase section */

/* Begin PBXShellScriptBuildPhase section */
		412BE3AF6F0A16F74C8D1526 /* [CP] Check Pods Manifest.lock */ = {
			isa = PBXShellScriptBuildPhase;
			buildActionMask = 2147483647;
			files = (
			);
			inputFileListPaths = (
			);
			inputPaths = (
				"${PODS_PODFILE_DIR_PATH}/Podfile.lock",
				"${PODS_ROOT}/Manifest.lock",
			);
			name = "[CP] Check Pods Manifest.lock";
			outputFileListPaths = (
			);
			outputPaths = (
				"$(DERIVED_FILE_DIR)/Pods-NettbutikkApp-checkManifestLockResult.txt",
			);
			runOnlyForDeploymentPostprocessing = 0;
			shellPath = /bin/sh;
			shellScript = "diff \"${PODS_PODFILE_DIR_PATH}/Podfile.lock\" \"${PODS_ROOT}/Manifest.lock\" > /dev/null\nif [ $? != 0 ] ; then\n    # print error to STDERR\n    echo \"error: The sandbox is not in sync with the Podfile.lock. Run 'pod install' or update your CocoaPods installation.\" >&2\n    exit 1\nfi\n# This output is used by Xcode 'outputs' to avoid re-running this script phase.\necho \"SUCCESS\" > \"${SCRIPT_OUTPUT_FILE_0}\"\n";
			showEnvVarsInLog = 0;
		};
		62CC718E64F9E7D69BFE2786 /* [CP] Embed Pods Frameworks */ = {
			isa = PBXShellScriptBuildPhase;
			buildActionMask = 2147483647;
			files = (
			);
			inputFileListPaths = (
				"${PODS_ROOT}/Target Support Files/Pods-NettbutikkApp/Pods-NettbutikkApp-frameworks-${CONFIGURATION}-input-files.xcfilelist",
			);
			name = "[CP] Embed Pods Frameworks";
			outputFileListPaths = (
				"${PODS_ROOT}/Target Support Files/Pods-NettbutikkApp/Pods-NettbutikkApp-frameworks-${CONFIGURATION}-output-files.xcfilelist",
			);
			runOnlyForDeploymentPostprocessing = 0;
			shellPath = /bin/sh;
			shellScript = "\"${PODS_ROOT}/Target Support Files/Pods-NettbutikkApp/Pods-NettbutikkApp-frameworks.sh\"\n";
			showEnvVarsInLog = 0;
		};
/* End PBXShellScriptBuildPhase section */

/* Begin PBXSourcesBuildPhase section */
		2A7258FE29C34CC4000A7C94 /* Sources */ = {
			isa = PBXSourcesBuildPhase;
			buildActionMask = 2147483647;
			files = (
				2A4A380729CD74520001E6FD /* NettbutikkAppApp.swift in Sources */,
				2AA2731B29CCB0AE005BB6BA /* LoginViewController.swift in Sources */,
				2A72590829C34CC4000A7C94 /* ContentView.swift in Sources */,
				2A4A380F29CD77F40001E6FD /* AppDelegate.swift in Sources */,
				2AA2731D29CCB0CD005BB6BA /* MyAccountViewController.swift in Sources */,
			);
			runOnlyForDeploymentPostprocessing = 0;
		};
		2A72590E29C34CC6000A7C94 /* Sources */ = {
			isa = PBXSourcesBuildPhase;
			buildActionMask = 2147483647;
			files = (
				2A72591729C34CC6000A7C94 /* NettbutikkAppTests.swift in Sources */,
			);
			runOnlyForDeploymentPostprocessing = 0;
		};
		2A72591829C34CC6000A7C94 /* Sources */ = {
			isa = PBXSourcesBuildPhase;
			buildActionMask = 2147483647;
			files = (
				2A72592129C34CC6000A7C94 /* NettbutikkAppUITests.swift in Sources */,
				2A72592329C34CC6000A7C94 /* NettbutikkAppUITestsLaunchTests.swift in Sources */,
			);
			runOnlyForDeploymentPostprocessing = 0;
		};
/* End PBXSourcesBuildPhase section */

/* Begin PBXTargetDependency section */
		2A72591429C34CC6000A7C94 /* PBXTargetDependency */ = {
			isa = PBXTargetDependency;
			target = 2A72590129C34CC4000A7C94 /* NettbutikkApp */;
			targetProxy = 2A72591329C34CC6000A7C94 /* PBXContainerItemProxy */;
		};
		2A72591E29C34CC6000A7C94 /* PBXTargetDependency */ = {
			isa = PBXTargetDependency;
			target = 2A72590129C34CC4000A7C94 /* NettbutikkApp */;
			targetProxy = 2A72591D29C34CC6000A7C94 /* PBXContainerItemProxy */;
		};
/* End PBXTargetDependency section */

/* Begin XCBuildConfiguration section */
		2A72592429C34CC6000A7C94 /* Debug */ = {
			isa = XCBuildConfiguration;
			buildSettings = {
				ALWAYS_SEARCH_USER_PATHS = NO;
				CLANG_ANALYZER_NONNULL = YES;
				CLANG_ANALYZER_NUMBER_OBJECT_CONVERSION = YES_AGGRESSIVE;
				CLANG_CXX_LANGUAGE_STANDARD = "gnu++20";
				CLANG_ENABLE_MODULES = YES;
				CLANG_ENABLE_OBJC_ARC = YES;
				CLANG_ENABLE_OBJC_WEAK = YES;
				CLANG_WARN_BLOCK_CAPTURE_AUTORELEASING = YES;
				CLANG_WARN_BOOL_CONVERSION = YES;
				CLANG_WARN_COMMA = YES;
				CLANG_WARN_CONSTANT_CONVERSION = YES;
				CLANG_WARN_DEPRECATED_OBJC_IMPLEMENTATIONS = YES;
				CLANG_WARN_DIRECT_OBJC_ISA_USAGE = YES_ERROR;
				CLANG_WARN_DOCUMENTATION_COMMENTS = YES;
				CLANG_WARN_EMPTY_BODY = YES;
				CLANG_WARN_ENUM_CONVERSION = YES;
				CLANG_WARN_INFINITE_RECURSION = YES;
				CLANG_WARN_INT_CONVERSION = YES;
				CLANG_WARN_NON_LITERAL_NULL_CONVERSION = YES;
				CLANG_WARN_OBJC_IMPLICIT_RETAIN_SELF = YES;
				CLANG_WARN_OBJC_LITERAL_CONVERSION = YES;
				CLANG_WARN_OBJC_ROOT_CLASS = YES_ERROR;
				CLANG_WARN_QUOTED_INCLUDE_IN_FRAMEWORK_HEADER = YES;
				CLANG_WARN_RANGE_LOOP_ANALYSIS = YES;
				CLANG_WARN_STRICT_PROTOTYPES = YES;
				CLANG_WARN_SUSPICIOUS_MOVE = YES;
				CLANG_WARN_UNGUARDED_AVAILABILITY = YES_AGGRESSIVE;
				CLANG_WARN_UNREACHABLE_CODE = YES;
				CLANG_WARN__DUPLICATE_METHOD_MATCH = YES;
				COPY_PHASE_STRIP = NO;
				DEBUG_INFORMATION_FORMAT = dwarf;
				ENABLE_STRICT_OBJC_MSGSEND = YES;
				ENABLE_TESTABILITY = YES;
				GCC_C_LANGUAGE_STANDARD = gnu11;
				GCC_DYNAMIC_NO_PIC = NO;
				GCC_NO_COMMON_BLOCKS = YES;
				GCC_OPTIMIZATION_LEVEL = 0;
				GCC_PREPROCESSOR_DEFINITIONS = (
					"DEBUG=1",
					"$(inherited)",
				);
				GCC_WARN_64_TO_32_BIT_CONVERSION = YES;
				GCC_WARN_ABOUT_RETURN_TYPE = YES_ERROR;
				GCC_WARN_UNDECLARED_SELECTOR = YES;
				GCC_WARN_UNINITIALIZED_AUTOS = YES_AGGRESSIVE;
				GCC_WARN_UNUSED_FUNCTION = YES;
				GCC_WARN_UNUSED_VARIABLE = YES;
				IPHONEOS_DEPLOYMENT_TARGET = 16.2;
				MTL_ENABLE_DEBUG_INFO = INCLUDE_SOURCE;
				MTL_FAST_MATH = YES;
				ONLY_ACTIVE_ARCH = YES;
				SDKROOT = iphoneos;
				SWIFT_ACTIVE_COMPILATION_CONDITIONS = DEBUG;
				SWIFT_OPTIMIZATION_LEVEL = "-Onone";
			};
			name = Debug;
		};
		2A72592529C34CC6000A7C94 /* Release */ = {
			isa = XCBuildConfiguration;
			buildSettings = {
				ALWAYS_SEARCH_USER_PATHS = NO;
				CLANG_ANALYZER_NONNULL = YES;
				CLANG_ANALYZER_NUMBER_OBJECT_CONVERSION = YES_AGGRESSIVE;
				CLANG_CXX_LANGUAGE_STANDARD = "gnu++20";
				CLANG_ENABLE_MODULES = YES;
				CLANG_ENABLE_OBJC_ARC = YES;
				CLANG_ENABLE_OBJC_WEAK = YES;
				CLANG_WARN_BLOCK_CAPTURE_AUTORELEASING = YES;
				CLANG_WARN_BOOL_CONVERSION = YES;
				CLANG_WARN_COMMA = YES;
				CLANG_WARN_CONSTANT_CONVERSION = YES;
				CLANG_WARN_DEPRECATED_OBJC_IMPLEMENTATIONS = YES;
				CLANG_WARN_DIRECT_OBJC_ISA_USAGE = YES_ERROR;
				CLANG_WARN_DOCUMENTATION_COMMENTS = YES;
				CLANG_WARN_EMPTY_BODY = YES;
				CLANG_WARN_ENUM_CONVERSION = YES;
				CLANG_WARN_INFINITE_RECURSION = YES;
				CLANG_WARN_INT_CONVERSION = YES;
				CLANG_WARN_NON_LITERAL_NULL_CONVERSION = YES;
				CLANG_WARN_OBJC_IMPLICIT_RETAIN_SELF = YES;
				CLANG_WARN_OBJC_LITERAL_CONVERSION = YES;
				CLANG_WARN_OBJC_ROOT_CLASS = YES_ERROR;
				CLANG_WARN_QUOTED_INCLUDE_IN_FRAMEWORK_HEADER = YES;
				CLANG_WARN_RANGE_LOOP_ANALYSIS = YES;
				CLANG_WARN_STRICT_PROTOTYPES = YES;
				CLANG_WARN_SUSPICIOUS_MOVE = YES;
				CLANG_WARN_UNGUARDED_AVAILABILITY = YES_AGGRESSIVE;
				CLANG_WARN_UNREACHABLE_CODE = YES;
				CLANG_WARN__DUPLICATE_METHOD_MATCH = YES;
				COPY_PHASE_STRIP = NO;
				DEBUG_INFORMATION_FORMAT = "dwarf-with-dsym";
				ENABLE_NS_ASSERTIONS = NO;
				ENABLE_STRICT_OBJC_MSGSEND = YES;
				GCC_C_LANGUAGE_STANDARD = gnu11;
				GCC_NO_COMMON_BLOCKS = YES;
				GCC_WARN_64_TO_32_BIT_CONVERSION = YES;
				GCC_WARN_ABOUT_RETURN_TYPE = YES_ERROR;
				GCC_WARN_UNDECLARED_SELECTOR = YES;
				GCC_WARN_UNINITIALIZED_AUTOS = YES_AGGRESSIVE;
				GCC_WARN_UNUSED_FUNCTION = YES;
				GCC_WARN_UNUSED_VARIABLE = YES;
				IPHONEOS_DEPLOYMENT_TARGET = 16.2;
				MTL_ENABLE_DEBUG_INFO = NO;
				MTL_FAST_MATH = YES;
				SDKROOT = iphoneos;
				SWIFT_COMPILATION_MODE = wholemodule;
				SWIFT_OPTIMIZATION_LEVEL = "-O";
				VALIDATE_PRODUCT = YES;
			};
			name = Release;
		};
		2A72592729C34CC6000A7C94 /* Debug */ = {
			isa = XCBuildConfiguration;
			baseConfigurationReference = 91EC782806784E12F0E7CBC4 /* Pods-NettbutikkApp.debug.xcconfig */;
			buildSettings = {
				ASSETCATALOG_COMPILER_APPICON_NAME = AppIcon;
				ASSETCATALOG_COMPILER_GLOBAL_ACCENT_COLOR_NAME = AccentColor;
				CODE_SIGN_STYLE = Automatic;
				CURRENT_PROJECT_VERSION = 1;
				DEVELOPMENT_ASSET_PATHS = "\"NettbutikkApp/Preview Content\"";
				ENABLE_PREVIEWS = YES;
				GENERATE_INFOPLIST_FILE = YES;
				INFOPLIST_KEY_UIApplicationSceneManifest_Generation = YES;
				INFOPLIST_KEY_UIApplicationSupportsIndirectInputEvents = YES;
				INFOPLIST_KEY_UILaunchScreen_Generation = YES;
				INFOPLIST_KEY_UISupportedInterfaceOrientations_iPad = "UIInterfaceOrientationPortrait UIInterfaceOrientationPortraitUpsideDown UIInterfaceOrientationLandscapeLeft UIInterfaceOrientationLandscapeRight";
				INFOPLIST_KEY_UISupportedInterfaceOrientations_iPhone = "UIInterfaceOrientationPortrait UIInterfaceOrientationLandscapeLeft UIInterfaceOrientationLandscapeRight";
				LD_RUNPATH_SEARCH_PATHS = (
					"$(inherited)",
					"@executable_path/Frameworks",
				);
				MARKETING_VERSION = 1.0;
				PRODUCT_BUNDLE_IDENTIFIER = personal.NettbutikkApp;
				PRODUCT_NAME = "$(TARGET_NAME)";
				SWIFT_EMIT_LOC_STRINGS = YES;
				SWIFT_VERSION = 5.0;
				TARGETED_DEVICE_FAMILY = "1,2";
			};
			name = Debug;
		};
		2A72592829C34CC6000A7C94 /* Release */ = {
			isa = XCBuildConfiguration;
			baseConfigurationReference = 628F4EA41BEB72C5D2D10BFA /* Pods-NettbutikkApp.release.xcconfig */;
			buildSettings = {
				ASSETCATALOG_COMPILER_APPICON_NAME = AppIcon;
				ASSETCATALOG_COMPILER_GLOBAL_ACCENT_COLOR_NAME = AccentColor;
				CODE_SIGN_STYLE = Automatic;
				CURRENT_PROJECT_VERSION = 1;
				DEVELOPMENT_ASSET_PATHS = "\"NettbutikkApp/Preview Content\"";
				ENABLE_PREVIEWS = YES;
				GENERATE_INFOPLIST_FILE = YES;
				INFOPLIST_KEY_UIApplicationSceneManifest_Generation = YES;
				INFOPLIST_KEY_UIApplicationSupportsIndirectInputEvents = YES;
				INFOPLIST_KEY_UILaunchScreen_Generation = YES;
				INFOPLIST_KEY_UISupportedInterfaceOrientations_iPad = "UIInterfaceOrientationPortrait UIInterfaceOrientationPortraitUpsideDown UIInterfaceOrientationLandscapeLeft UIInterfaceOrientationLandscapeRight";
				INFOPLIST_KEY_UISupportedInterfaceOrientations_iPhone = "UIInterfaceOrientationPortrait UIInterfaceOrientationLandscapeLeft UIInterfaceOrientationLandscapeRight";
				LD_RUNPATH_SEARCH_PATHS = (
					"$(inherited)",
					"@executable_path/Frameworks",
				);
				MARKETING_VERSION = 1.0;
				PRODUCT_BUNDLE_IDENTIFIER = personal.NettbutikkApp;
				PRODUCT_NAME = "$(TARGET_NAME)";
				SWIFT_EMIT_LOC_STRINGS = YES;
				SWIFT_VERSION = 5.0;
				TARGETED_DEVICE_FAMILY = "1,2";
			};
			name = Release;
		};
		2A72592A29C34CC6000A7C94 /* Debug */ = {
			isa = XCBuildConfiguration;
			buildSettings = {
				ALWAYS_EMBED_SWIFT_STANDARD_LIBRARIES = YES;
				BUNDLE_LOADER = "$(TEST_HOST)";
				CODE_SIGN_STYLE = Automatic;
				CURRENT_PROJECT_VERSION = 1;
				GENERATE_INFOPLIST_FILE = YES;
				IPHONEOS_DEPLOYMENT_TARGET = 16.2;
				MARKETING_VERSION = 1.0;
				PRODUCT_BUNDLE_IDENTIFIER = personal.NettbutikkAppTests;
				PRODUCT_NAME = "$(TARGET_NAME)";
				SWIFT_EMIT_LOC_STRINGS = NO;
				SWIFT_VERSION = 5.0;
				TARGETED_DEVICE_FAMILY = "1,2";
				TEST_HOST = "$(BUILT_PRODUCTS_DIR)/NettbutikkApp.app/$(BUNDLE_EXECUTABLE_FOLDER_PATH)/NettbutikkApp";
			};
			name = Debug;
		};
		2A72592B29C34CC6000A7C94 /* Release */ = {
			isa = XCBuildConfiguration;
			buildSettings = {
				ALWAYS_EMBED_SWIFT_STANDARD_LIBRARIES = YES;
				BUNDLE_LOADER = "$(TEST_HOST)";
				CODE_SIGN_STYLE = Automatic;
				CURRENT_PROJECT_VERSION = 1;
				GENERATE_INFOPLIST_FILE = YES;
				IPHONEOS_DEPLOYMENT_TARGET = 16.2;
				MARKETING_VERSION = 1.0;
				PRODUCT_BUNDLE_IDENTIFIER = personal.NettbutikkAppTests;
				PRODUCT_NAME = "$(TARGET_NAME)";
				SWIFT_EMIT_LOC_STRINGS = NO;
				SWIFT_VERSION = 5.0;
				TARGETED_DEVICE_FAMILY = "1,2";
				TEST_HOST = "$(BUILT_PRODUCTS_DIR)/NettbutikkApp.app/$(BUNDLE_EXECUTABLE_FOLDER_PATH)/NettbutikkApp";
			};
			name = Release;
		};
		2A72592D29C34CC6000A7C94 /* Debug */ = {
			isa = XCBuildConfiguration;
			buildSettings = {
				ALWAYS_EMBED_SWIFT_STANDARD_LIBRARIES = YES;
				CODE_SIGN_STYLE = Automatic;
				CURRENT_PROJECT_VERSION = 1;
				GENERATE_INFOPLIST_FILE = YES;
				MARKETING_VERSION = 1.0;
				PRODUCT_BUNDLE_IDENTIFIER = personal.NettbutikkAppUITests;
				PRODUCT_NAME = "$(TARGET_NAME)";
				SWIFT_EMIT_LOC_STRINGS = NO;
				SWIFT_VERSION = 5.0;
				TARGETED_DEVICE_FAMILY = "1,2";
				TEST_TARGET_NAME = NettbutikkApp;
			};
			name = Debug;
		};
		2A72592E29C34CC6000A7C94 /* Release */ = {
			isa = XCBuildConfiguration;
			buildSettings = {
				ALWAYS_EMBED_SWIFT_STANDARD_LIBRARIES = YES;
				CODE_SIGN_STYLE = Automatic;
				CURRENT_PROJECT_VERSION = 1;
				GENERATE_INFOPLIST_FILE = YES;
				MARKETING_VERSION = 1.0;
				PRODUCT_BUNDLE_IDENTIFIER = personal.NettbutikkAppUITests;
				PRODUCT_NAME = "$(TARGET_NAME)";
				SWIFT_EMIT_LOC_STRINGS = NO;
				SWIFT_VERSION = 5.0;
				TARGETED_DEVICE_FAMILY = "1,2";
				TEST_TARGET_NAME = NettbutikkApp;
			};
			name = Release;
		};
/* End XCBuildConfiguration section */

/* Begin XCConfigurationList section */
		2A7258FD29C34CC4000A7C94 /* Build configuration list for PBXProject "NettbutikkApp" */ = {
			isa = XCConfigurationList;
			buildConfigurations = (
				2A72592429C34CC6000A7C94 /* Debug */,
				2A72592529C34CC6000A7C94 /* Release */,
			);
			defaultConfigurationIsVisible = 0;
			defaultConfigurationName = Release;
		};
		2A72592629C34CC6000A7C94 /* Build configuration list for PBXNativeTarget "NettbutikkApp" */ = {
			isa = XCConfigurationList;
			buildConfigurations = (
				2A72592729C34CC6000A7C94 /* Debug */,
				2A72592829C34CC6000A7C94 /* Release */,
			);
			defaultConfigurationIsVisible = 0;
			defaultConfigurationName = Release;
		};
		2A72592929C34CC6000A7C94 /* Build configuration list for PBXNativeTarget "NettbutikkAppTests" */ = {
			isa = XCConfigurationList;
			buildConfigurations = (
				2A72592A29C34CC6000A7C94 /* Debug */,
				2A72592B29C34CC6000A7C94 /* Release */,
			);
			defaultConfigurationIsVisible = 0;
			defaultConfigurationName = Release;
		};
		2A72592C29C34CC6000A7C94 /* Build configuration list for PBXNativeTarget "NettbutikkAppUITests" */ = {
			isa = XCConfigurationList;
			buildConfigurations = (
				2A72592D29C34CC6000A7C94 /* Debug */,
				2A72592E29C34CC6000A7C94 /* Release */,
			);
			defaultConfigurationIsVisible = 0;
			defaultConfigurationName = Release;
		};
/* End XCConfigurationList section */

/* Begin XCRemoteSwiftPackageReference section */
		2A4A381029CD81AA0001E6FD /* XCRemoteSwiftPackageReference "firebase-ios-sdk" */ = {
			isa = XCRemoteSwiftPackageReference;
			repositoryURL = "https://github.com/firebase/firebase-ios-sdk";
			requirement = {
				kind = upToNextMajorVersion;
				minimumVersion = 9.0.0;
			};
		};
/* End XCRemoteSwiftPackageReference section */

/* Begin XCSwiftPackageProductDependency section */
		2A4A381129CD81AB0001E6FD /* FirebaseAnalytics */ = {
			isa = XCSwiftPackageProductDependency;
			package = 2A4A381029CD81AA0001E6FD /* XCRemoteSwiftPackageReference "firebase-ios-sdk" */;
			productName = FirebaseAnalytics;
		};
		2A4A381329CD81AB0001E6FD /* FirebaseAnalyticsOnDeviceConversion */ = {
			isa = XCSwiftPackageProductDependency;
			package = 2A4A381029CD81AA0001E6FD /* XCRemoteSwiftPackageReference "firebase-ios-sdk" */;
			productName = FirebaseAnalyticsOnDeviceConversion;
		};
		2A4A381529CD81AB0001E6FD /* FirebaseAnalyticsSwift */ = {
			isa = XCSwiftPackageProductDependency;
			package = 2A4A381029CD81AA0001E6FD /* XCRemoteSwiftPackageReference "firebase-ios-sdk" */;
			productName = FirebaseAnalyticsSwift;
		};
		2A4A381729CD81AB0001E6FD /* FirebaseAnalyticsWithoutAdIdSupport */ = {
			isa = XCSwiftPackageProductDependency;
			package = 2A4A381029CD81AA0001E6FD /* XCRemoteSwiftPackageReference "firebase-ios-sdk" */;
			productName = FirebaseAnalyticsWithoutAdIdSupport;
		};
		2A4A381929CD81AB0001E6FD /* FirebaseAppCheck */ = {
			isa = XCSwiftPackageProductDependency;
			package = 2A4A381029CD81AA0001E6FD /* XCRemoteSwiftPackageReference "firebase-ios-sdk" */;
			productName = FirebaseAppCheck;
		};
		2A4A381B29CD81AB0001E6FD /* FirebaseAppDistribution-Beta */ = {
			isa = XCSwiftPackageProductDependency;
			package = 2A4A381029CD81AA0001E6FD /* XCRemoteSwiftPackageReference "firebase-ios-sdk" */;
			productName = "FirebaseAppDistribution-Beta";
		};
		2A4A381D29CD81AB0001E6FD /* FirebaseAuth */ = {
			isa = XCSwiftPackageProductDependency;
			package = 2A4A381029CD81AA0001E6FD /* XCRemoteSwiftPackageReference "firebase-ios-sdk" */;
			productName = FirebaseAuth;
		};
		2A4A381F29CD81AB0001E6FD /* FirebaseAuthCombine-Community */ = {
			isa = XCSwiftPackageProductDependency;
			package = 2A4A381029CD81AA0001E6FD /* XCRemoteSwiftPackageReference "firebase-ios-sdk" */;
			productName = "FirebaseAuthCombine-Community";
		};
		2A4A382129CD81AB0001E6FD /* FirebaseCrashlytics */ = {
			isa = XCSwiftPackageProductDependency;
			package = 2A4A381029CD81AA0001E6FD /* XCRemoteSwiftPackageReference "firebase-ios-sdk" */;
			productName = FirebaseCrashlytics;
		};
		2A4A382329CD81AB0001E6FD /* FirebaseDatabase */ = {
			isa = XCSwiftPackageProductDependency;
			package = 2A4A381029CD81AA0001E6FD /* XCRemoteSwiftPackageReference "firebase-ios-sdk" */;
			productName = FirebaseDatabase;
		};
		2A4A382529CD81AB0001E6FD /* FirebaseDatabaseSwift */ = {
			isa = XCSwiftPackageProductDependency;
			package = 2A4A381029CD81AA0001E6FD /* XCRemoteSwiftPackageReference "firebase-ios-sdk" */;
			productName = FirebaseDatabaseSwift;
		};
		2A4A382729CD81AB0001E6FD /* FirebaseDynamicLinks */ = {
			isa = XCSwiftPackageProductDependency;
			package = 2A4A381029CD81AA0001E6FD /* XCRemoteSwiftPackageReference "firebase-ios-sdk" */;
			productName = FirebaseDynamicLinks;
		};
		2A4A382929CD81AB0001E6FD /* FirebaseFirestore */ = {
			isa = XCSwiftPackageProductDependency;
			package = 2A4A381029CD81AA0001E6FD /* XCRemoteSwiftPackageReference "firebase-ios-sdk" */;
			productName = FirebaseFirestore;
		};
		2A4A382B29CD81AB0001E6FD /* FirebaseFirestoreCombine-Community */ = {
			isa = XCSwiftPackageProductDependency;
			package = 2A4A381029CD81AA0001E6FD /* XCRemoteSwiftPackageReference "firebase-ios-sdk" */;
			productName = "FirebaseFirestoreCombine-Community";
		};
		2A4A382D29CD81AB0001E6FD /* FirebaseFirestoreSwift */ = {
			isa = XCSwiftPackageProductDependency;
			package = 2A4A381029CD81AA0001E6FD /* XCRemoteSwiftPackageReference "firebase-ios-sdk" */;
			productName = FirebaseFirestoreSwift;
		};
		2A4A382F29CD81AB0001E6FD /* FirebaseFunctions */ = {
			isa = XCSwiftPackageProductDependency;
			package = 2A4A381029CD81AA0001E6FD /* XCRemoteSwiftPackageReference "firebase-ios-sdk" */;
			productName = FirebaseFunctions;
		};
		2A4A383129CD81AB0001E6FD /* FirebaseFunctionsCombine-Community */ = {
			isa = XCSwiftPackageProductDependency;
			package = 2A4A381029CD81AA0001E6FD /* XCRemoteSwiftPackageReference "firebase-ios-sdk" */;
			productName = "FirebaseFunctionsCombine-Community";
		};
		2A4A383329CD81AB0001E6FD /* FirebaseInAppMessaging-Beta */ = {
			isa = XCSwiftPackageProductDependency;
			package = 2A4A381029CD81AA0001E6FD /* XCRemoteSwiftPackageReference "firebase-ios-sdk" */;
			productName = "FirebaseInAppMessaging-Beta";
		};
		2A4A383529CD81AB0001E6FD /* FirebaseInAppMessagingSwift-Beta */ = {
			isa = XCSwiftPackageProductDependency;
			package = 2A4A381029CD81AA0001E6FD /* XCRemoteSwiftPackageReference "firebase-ios-sdk" */;
			productName = "FirebaseInAppMessagingSwift-Beta";
		};
		2A4A383729CD81AB0001E6FD /* FirebaseInstallations */ = {
			isa = XCSwiftPackageProductDependency;
			package = 2A4A381029CD81AA0001E6FD /* XCRemoteSwiftPackageReference "firebase-ios-sdk" */;
			productName = FirebaseInstallations;
		};
		2A4A383929CD81AB0001E6FD /* FirebaseMLModelDownloader */ = {
			isa = XCSwiftPackageProductDependency;
			package = 2A4A381029CD81AA0001E6FD /* XCRemoteSwiftPackageReference "firebase-ios-sdk" */;
			productName = FirebaseMLModelDownloader;
		};
		2A4A383B29CD81AB0001E6FD /* FirebaseMessaging */ = {
			isa = XCSwiftPackageProductDependency;
			package = 2A4A381029CD81AA0001E6FD /* XCRemoteSwiftPackageReference "firebase-ios-sdk" */;
			productName = FirebaseMessaging;
		};
		2A4A383D29CD81AB0001E6FD /* FirebasePerformance */ = {
			isa = XCSwiftPackageProductDependency;
			package = 2A4A381029CD81AA0001E6FD /* XCRemoteSwiftPackageReference "firebase-ios-sdk" */;
			productName = FirebasePerformance;
		};
		2A4A383F29CD81AB0001E6FD /* FirebaseRemoteConfig */ = {
			isa = XCSwiftPackageProductDependency;
			package = 2A4A381029CD81AA0001E6FD /* XCRemoteSwiftPackageReference "firebase-ios-sdk" */;
			productName = FirebaseRemoteConfig;
		};
		2A4A384129CD81AB0001E6FD /* FirebaseRemoteConfigSwift */ = {
			isa = XCSwiftPackageProductDependency;
			package = 2A4A381029CD81AA0001E6FD /* XCRemoteSwiftPackageReference "firebase-ios-sdk" */;
			productName = FirebaseRemoteConfigSwift;
		};
		2A4A384329CD81AB0001E6FD /* FirebaseStorage */ = {
			isa = XCSwiftPackageProductDependency;
			package = 2A4A381029CD81AA0001E6FD /* XCRemoteSwiftPackageReference "firebase-ios-sdk" */;
			productName = FirebaseStorage;
		};
		2A4A384529CD81AB0001E6FD /* FirebaseStorageCombine-Community */ = {
			isa = XCSwiftPackageProductDependency;
			package = 2A4A381029CD81AA0001E6FD /* XCRemoteSwiftPackageReference "firebase-ios-sdk" */;
			productName = "FirebaseStorageCombine-Community";
		};
/* End XCSwiftPackageProductDependency section */
	};
	rootObject = 2A7258FA29C34CC4000A7C94 /* Project object */;
}
